schema: '2.0'
stages:
  load_data:
    cmd: python src/load_data.py
    deps:
    - path: src/load_data.py
      md5: db94f13dab25164fb992831442e357e7
      size: 228
    outs:
    - path: output/data.pkl
      md5: 35353c71da0985eed8bb507bbc53bd91
      size: 54950285
  train:
    cmd: python src/train.py
    deps:
    - path: output/data.pkl
      md5: 35353c71da0985eed8bb507bbc53bd91
      size: 54950285
    - path: src/train.py
      md5: e824bed2782971c1815a9bed7dad61c5
      size: 1813
    params:
      params.yaml:
        train.batch_size: 128
        train.dropout: 0.4
        train.hidden_units: 64
        train.lr: 0.001
        train.num_epochs: 10
    outs:
    - path: dvclive
      md5: 148f087d3c0510ed3d268a5be91cd784.dir
      size: 408
      nfiles: 2
    - path: output/model.h5
      md5: 703b0bf14a6273e6d09c9d3b23d3ec42
      size: 3680480
  evaluate:
    cmd: python src/evaluate.py
    deps:
    - path: output/data.pkl
      md5: 35353c71da0985eed8bb507bbc53bd91
      size: 54950285
    - path: output/model.h5
      md5: d3919f0bede555dde27c3062c8be156e
      size: 3680480
    - path: src/evaluate.py
      md5: 56af2219bbc7599971432616d8afdf13
      size: 1161
    outs:
    - path: output/metrics.json
      md5: 0d137062e5d5975a0071ff8f3b89bd45
      size: 60
    - path: output/predictions.json
      md5: 0f2319490e968a7821d608a366b5f7d5
      size: 310000
